
Microsoft Visual Studio Solution File, Format Version 12.00
Project("{FAE04EC0-301F-11D3-BF4B-00C04F79EFBC}") = "Qweree.MongoDb", "src\Qweree.MongoDb\Qweree.MongoDb.csproj", "{C6B0D71B-4374-48E2-880E-2140E1C6EC10}"
EndProject
Project("{FAE04EC0-301F-11D3-BF4B-00C04F79EFBC}") = "Qweree.Authentication.WebApi", "src\Qweree.Authentication.WebApi\Qweree.Authentication.WebApi.csproj", "{B4764376-505F-401F-8FB9-E9C6931352C6}"
EndProject
Project("{FAE04EC0-301F-11D3-BF4B-00C04F79EFBC}") = "Qweree.Utils", "src\Qweree.Utils\Qweree.Utils.csproj", "{B9DA49B9-DFF0-47DF-A1E3-C82202FF65E4}"
EndProject
Project("{FAE04EC0-301F-11D3-BF4B-00C04F79EFBC}") = "Qweree.AspNet", "src\Qweree.AspNet\Qweree.AspNet.csproj", "{33F4CFB8-E3FE-4697-A722-400D800C029C}"
EndProject
Project("{FAE04EC0-301F-11D3-BF4B-00C04F79EFBC}") = "Qweree.Authentication.WebApi.Test", "src\Qweree.Authentication.WebApi.Test\Qweree.Authentication.WebApi.Test.csproj", "{496B29DC-4D37-4C61-8A04-0550C900F8DB}"
EndProject
Project("{FAE04EC0-301F-11D3-BF4B-00C04F79EFBC}") = "Qweree.TestUtils", "src\Qweree.TestUtils\Qweree.TestUtils.csproj", "{B458B3A7-ADDE-411F-A7EA-8B1481CFED37}"
EndProject
Project("{FAE04EC0-301F-11D3-BF4B-00C04F79EFBC}") = "Qweree.Validator", "src\Qweree.Validator\Qweree.Validator.csproj", "{1BBBAFB0-EDC2-492F-89AF-84E850D4370F}"
EndProject
Project("{FAE04EC0-301F-11D3-BF4B-00C04F79EFBC}") = "Qweree.Validator.Test", "src\Qweree.Validator.Test\Qweree.Validator.Test.csproj", "{CB408E1E-CD9E-4B72-9868-2EE0D640E3D5}"
EndProject
Project("{FAE04EC0-301F-11D3-BF4B-00C04F79EFBC}") = "Qweree.Cdn.WebApi", "src\Qweree.Cdn.WebApi\Qweree.Cdn.WebApi.csproj", "{1CEE9DDC-EA08-4042-9B35-6DC1CB767B50}"
EndProject
Project("{FAE04EC0-301F-11D3-BF4B-00C04F79EFBC}") = "Qweree.Authentication.Sdk", "src\Qweree.Authentication.Sdk\Qweree.Authentication.Sdk.csproj", "{405D962B-4E44-47C9-A923-B03D156353EA}"
EndProject
Project("{FAE04EC0-301F-11D3-BF4B-00C04F79EFBC}") = "Qweree.Sdk", "src\Qweree.Sdk\Qweree.Sdk.csproj", "{426F6D2E-8C99-4CAD-B3B1-22FCFDA810A2}"
EndProject
Project("{FAE04EC0-301F-11D3-BF4B-00C04F79EFBC}") = "Qweree.Authentication.Sdk.Test", "src\Qweree.Authentication.Sdk.Test\Qweree.Authentication.Sdk.Test.csproj", "{E5D992EE-EA07-4F4E-A813-1F5529E69AA2}"
EndProject
Project("{FAE04EC0-301F-11D3-BF4B-00C04F79EFBC}") = "Qweree.Cdn.WebApi.Test", "src\Qweree.Cdn.WebApi.Test\Qweree.Cdn.WebApi.Test.csproj", "{14C0359E-E445-45FE-82D4-C715F3F0B57D}"
EndProject
Project("{FAE04EC0-301F-11D3-BF4B-00C04F79EFBC}") = "Qweree.Cdn.Sdk", "src\Qweree.Cdn.Sdk\Qweree.Cdn.Sdk.csproj", "{1D979923-8AB8-4E02-8AB3-52DE76B6E51B}"
EndProject
Project("{FAE04EC0-301F-11D3-BF4B-00C04F79EFBC}") = "Qweree.Sdk.Http", "src\Qweree.Sdk.Http\Qweree.Sdk.Http.csproj", "{BE40A5BD-153C-44AD-AA5C-4D85613C1F23}"
EndProject
Project("{FAE04EC0-301F-11D3-BF4B-00C04F79EFBC}") = "Qweree.Cdn.Sdk.Test", "src\Qweree.Cdn.Sdk.Test\Qweree.Cdn.Sdk.Test.csproj", "{BD0A0E87-A7DB-4DF4-915F-E3F551934C98}"
EndProject
Project("{FAE04EC0-301F-11D3-BF4B-00C04F79EFBC}") = "Qweree.Authentication.AdminSdk", "src\Qweree.Authentication.AdminSdk\Qweree.Authentication.AdminSdk.csproj", "{298FB3B6-F7E2-46C0-AB08-6D3E0C3721FE}"
EndProject
Project("{FAE04EC0-301F-11D3-BF4B-00C04F79EFBC}") = "Qweree.Authentication.AdminSdk.Test", "src\Qweree.Authentication.AdminSdk.Test\Qweree.Authentication.AdminSdk.Test.csproj", "{4F409CDE-955C-4B56-84EF-BD848EA2E9DF}"
EndProject
Project("{FAE04EC0-301F-11D3-BF4B-00C04F79EFBC}") = "Qweree.WebApplication", "src\Qweree.WebApplication\Qweree.WebApplication.csproj", "{95F312DD-15C5-4A9C-947F-B2753123F5FB}"
EndProject
Project("{FAE04EC0-301F-11D3-BF4B-00C04F79EFBC}") = "Qweree.PiccStash.WebApi", "src\Qweree.PiccStash.WebApi\Qweree.PiccStash.WebApi.csproj", "{2E8E2C9E-58D3-47E1-AEEC-85D3D0574C26}"
EndProject
Project("{FAE04EC0-301F-11D3-BF4B-00C04F79EFBC}") = "Qweree.ConsoleHost", "src\Qweree.ConsoleHost\Qweree.ConsoleHost.csproj", "{086D52E2-71BA-4E5D-8348-6A0A34FD7D5A}"
EndProject
Project("{FAE04EC0-301F-11D3-BF4B-00C04F79EFBC}") = "Qweree.ConsoleApplication", "src\Qweree.ConsoleApplication\Qweree.ConsoleApplication.csproj", "{8C90C0BF-7FC6-4E63-9AED-F587A9F88703}"
EndProject
Project("{FAE04EC0-301F-11D3-BF4B-00C04F79EFBC}") = "Qweree.Commands", "src\Qweree.Commands\Qweree.Commands.csproj", "{C7542F25-B8D6-4CFF-89A7-17126F7983CE}"
EndProject
Project("{FAE04EC0-301F-11D3-BF4B-00C04F79EFBC}") = "Qweree.Commands.Test", "src\Qweree.Commands.Test\Qweree.Commands.Test.csproj", "{268052AF-2F35-4A85-A28B-FA55D78BDAA0}"
EndProject
Project("{FAE04EC0-301F-11D3-BF4B-00C04F79EFBC}") = "Qweree.PiccStash.Sdk", "src\Qweree.PiccStash.Sdk\Qweree.PiccStash.Sdk.csproj", "{CBF658C0-1732-4F2D-A207-95A833B29DEF}"
EndProject
Project("{FAE04EC0-301F-11D3-BF4B-00C04F79EFBC}") = "Qweree.Gateway.WebApi", "src\Qweree.Gateway.WebApi\Qweree.Gateway.WebApi.csproj", "{C25AF806-E1A2-4952-9B1D-9EEBFC2494E6}"
EndProject
Project("{FAE04EC0-301F-11D3-BF4B-00C04F79EFBC}") = "Qweree.Gateway.Sdk", "src\Qweree.Gateway.Sdk\Qweree.Gateway.Sdk.csproj", "{238AFE8F-D1B7-4B73-97B9-24FC888D0F99}"
EndProject
Global
	GlobalSection(SolutionConfigurationPlatforms) = preSolution
		Debug|Any CPU = Debug|Any CPU
		Release|Any CPU = Release|Any CPU
	EndGlobalSection
	GlobalSection(ProjectConfigurationPlatforms) = postSolution
		{C6B0D71B-4374-48E2-880E-2140E1C6EC10}.Debug|Any CPU.ActiveCfg = Debug|Any CPU
		{C6B0D71B-4374-48E2-880E-2140E1C6EC10}.Debug|Any CPU.Build.0 = Debug|Any CPU
		{C6B0D71B-4374-48E2-880E-2140E1C6EC10}.Release|Any CPU.ActiveCfg = Release|Any CPU
		{C6B0D71B-4374-48E2-880E-2140E1C6EC10}.Release|Any CPU.Build.0 = Release|Any CPU
		{B4764376-505F-401F-8FB9-E9C6931352C6}.Debug|Any CPU.ActiveCfg = Debug|Any CPU
		{B4764376-505F-401F-8FB9-E9C6931352C6}.Debug|Any CPU.Build.0 = Debug|Any CPU
		{B4764376-505F-401F-8FB9-E9C6931352C6}.Release|Any CPU.ActiveCfg = Release|Any CPU
		{B4764376-505F-401F-8FB9-E9C6931352C6}.Release|Any CPU.Build.0 = Release|Any CPU
		{B9DA49B9-DFF0-47DF-A1E3-C82202FF65E4}.Debug|Any CPU.ActiveCfg = Debug|Any CPU
		{B9DA49B9-DFF0-47DF-A1E3-C82202FF65E4}.Debug|Any CPU.Build.0 = Debug|Any CPU
		{B9DA49B9-DFF0-47DF-A1E3-C82202FF65E4}.Release|Any CPU.ActiveCfg = Release|Any CPU
		{B9DA49B9-DFF0-47DF-A1E3-C82202FF65E4}.Release|Any CPU.Build.0 = Release|Any CPU
		{33F4CFB8-E3FE-4697-A722-400D800C029C}.Debug|Any CPU.ActiveCfg = Debug|Any CPU
		{33F4CFB8-E3FE-4697-A722-400D800C029C}.Debug|Any CPU.Build.0 = Debug|Any CPU
		{33F4CFB8-E3FE-4697-A722-400D800C029C}.Release|Any CPU.ActiveCfg = Release|Any CPU
		{33F4CFB8-E3FE-4697-A722-400D800C029C}.Release|Any CPU.Build.0 = Release|Any CPU
		{496B29DC-4D37-4C61-8A04-0550C900F8DB}.Debug|Any CPU.ActiveCfg = Debug|Any CPU
		{496B29DC-4D37-4C61-8A04-0550C900F8DB}.Debug|Any CPU.Build.0 = Debug|Any CPU
		{496B29DC-4D37-4C61-8A04-0550C900F8DB}.Release|Any CPU.ActiveCfg = Release|Any CPU
		{496B29DC-4D37-4C61-8A04-0550C900F8DB}.Release|Any CPU.Build.0 = Release|Any CPU
		{B458B3A7-ADDE-411F-A7EA-8B1481CFED37}.Debug|Any CPU.ActiveCfg = Debug|Any CPU
		{B458B3A7-ADDE-411F-A7EA-8B1481CFED37}.Debug|Any CPU.Build.0 = Debug|Any CPU
		{B458B3A7-ADDE-411F-A7EA-8B1481CFED37}.Release|Any CPU.ActiveCfg = Release|Any CPU
		{B458B3A7-ADDE-411F-A7EA-8B1481CFED37}.Release|Any CPU.Build.0 = Release|Any CPU
		{1BBBAFB0-EDC2-492F-89AF-84E850D4370F}.Debug|Any CPU.ActiveCfg = Debug|Any CPU
		{1BBBAFB0-EDC2-492F-89AF-84E850D4370F}.Debug|Any CPU.Build.0 = Debug|Any CPU
		{1BBBAFB0-EDC2-492F-89AF-84E850D4370F}.Release|Any CPU.ActiveCfg = Release|Any CPU
		{1BBBAFB0-EDC2-492F-89AF-84E850D4370F}.Release|Any CPU.Build.0 = Release|Any CPU
		{CB408E1E-CD9E-4B72-9868-2EE0D640E3D5}.Debug|Any CPU.ActiveCfg = Debug|Any CPU
		{CB408E1E-CD9E-4B72-9868-2EE0D640E3D5}.Debug|Any CPU.Build.0 = Debug|Any CPU
		{CB408E1E-CD9E-4B72-9868-2EE0D640E3D5}.Release|Any CPU.ActiveCfg = Release|Any CPU
		{CB408E1E-CD9E-4B72-9868-2EE0D640E3D5}.Release|Any CPU.Build.0 = Release|Any CPU
		{1CEE9DDC-EA08-4042-9B35-6DC1CB767B50}.Debug|Any CPU.ActiveCfg = Debug|Any CPU
		{1CEE9DDC-EA08-4042-9B35-6DC1CB767B50}.Debug|Any CPU.Build.0 = Debug|Any CPU
		{1CEE9DDC-EA08-4042-9B35-6DC1CB767B50}.Release|Any CPU.ActiveCfg = Release|Any CPU
		{1CEE9DDC-EA08-4042-9B35-6DC1CB767B50}.Release|Any CPU.Build.0 = Release|Any CPU
		{405D962B-4E44-47C9-A923-B03D156353EA}.Debug|Any CPU.ActiveCfg = Debug|Any CPU
		{405D962B-4E44-47C9-A923-B03D156353EA}.Debug|Any CPU.Build.0 = Debug|Any CPU
		{405D962B-4E44-47C9-A923-B03D156353EA}.Release|Any CPU.ActiveCfg = Release|Any CPU
		{405D962B-4E44-47C9-A923-B03D156353EA}.Release|Any CPU.Build.0 = Release|Any CPU
		{426F6D2E-8C99-4CAD-B3B1-22FCFDA810A2}.Debug|Any CPU.ActiveCfg = Debug|Any CPU
		{426F6D2E-8C99-4CAD-B3B1-22FCFDA810A2}.Debug|Any CPU.Build.0 = Debug|Any CPU
		{426F6D2E-8C99-4CAD-B3B1-22FCFDA810A2}.Release|Any CPU.ActiveCfg = Release|Any CPU
		{426F6D2E-8C99-4CAD-B3B1-22FCFDA810A2}.Release|Any CPU.Build.0 = Release|Any CPU
		{E5D992EE-EA07-4F4E-A813-1F5529E69AA2}.Debug|Any CPU.ActiveCfg = Debug|Any CPU
		{E5D992EE-EA07-4F4E-A813-1F5529E69AA2}.Debug|Any CPU.Build.0 = Debug|Any CPU
		{E5D992EE-EA07-4F4E-A813-1F5529E69AA2}.Release|Any CPU.ActiveCfg = Release|Any CPU
		{E5D992EE-EA07-4F4E-A813-1F5529E69AA2}.Release|Any CPU.Build.0 = Release|Any CPU
		{14C0359E-E445-45FE-82D4-C715F3F0B57D}.Debug|Any CPU.ActiveCfg = Debug|Any CPU
		{14C0359E-E445-45FE-82D4-C715F3F0B57D}.Debug|Any CPU.Build.0 = Debug|Any CPU
		{14C0359E-E445-45FE-82D4-C715F3F0B57D}.Release|Any CPU.ActiveCfg = Release|Any CPU
		{14C0359E-E445-45FE-82D4-C715F3F0B57D}.Release|Any CPU.Build.0 = Release|Any CPU
		{1D979923-8AB8-4E02-8AB3-52DE76B6E51B}.Debug|Any CPU.ActiveCfg = Debug|Any CPU
		{1D979923-8AB8-4E02-8AB3-52DE76B6E51B}.Debug|Any CPU.Build.0 = Debug|Any CPU
		{1D979923-8AB8-4E02-8AB3-52DE76B6E51B}.Release|Any CPU.ActiveCfg = Release|Any CPU
		{1D979923-8AB8-4E02-8AB3-52DE76B6E51B}.Release|Any CPU.Build.0 = Release|Any CPU
		{BE40A5BD-153C-44AD-AA5C-4D85613C1F23}.Debug|Any CPU.ActiveCfg = Debug|Any CPU
		{BE40A5BD-153C-44AD-AA5C-4D85613C1F23}.Debug|Any CPU.Build.0 = Debug|Any CPU
		{BE40A5BD-153C-44AD-AA5C-4D85613C1F23}.Release|Any CPU.ActiveCfg = Release|Any CPU
		{BE40A5BD-153C-44AD-AA5C-4D85613C1F23}.Release|Any CPU.Build.0 = Release|Any CPU
		{BD0A0E87-A7DB-4DF4-915F-E3F551934C98}.Debug|Any CPU.ActiveCfg = Debug|Any CPU
		{BD0A0E87-A7DB-4DF4-915F-E3F551934C98}.Debug|Any CPU.Build.0 = Debug|Any CPU
		{BD0A0E87-A7DB-4DF4-915F-E3F551934C98}.Release|Any CPU.ActiveCfg = Release|Any CPU
		{BD0A0E87-A7DB-4DF4-915F-E3F551934C98}.Release|Any CPU.Build.0 = Release|Any CPU
		{298FB3B6-F7E2-46C0-AB08-6D3E0C3721FE}.Debug|Any CPU.ActiveCfg = Debug|Any CPU
		{298FB3B6-F7E2-46C0-AB08-6D3E0C3721FE}.Debug|Any CPU.Build.0 = Debug|Any CPU
		{298FB3B6-F7E2-46C0-AB08-6D3E0C3721FE}.Release|Any CPU.ActiveCfg = Release|Any CPU
		{298FB3B6-F7E2-46C0-AB08-6D3E0C3721FE}.Release|Any CPU.Build.0 = Release|Any CPU
		{4F409CDE-955C-4B56-84EF-BD848EA2E9DF}.Debug|Any CPU.ActiveCfg = Debug|Any CPU
		{4F409CDE-955C-4B56-84EF-BD848EA2E9DF}.Debug|Any CPU.Build.0 = Debug|Any CPU
		{4F409CDE-955C-4B56-84EF-BD848EA2E9DF}.Release|Any CPU.ActiveCfg = Release|Any CPU
		{4F409CDE-955C-4B56-84EF-BD848EA2E9DF}.Release|Any CPU.Build.0 = Release|Any CPU
		{086D52E2-71BA-4E5D-8348-6A0A34FD7D5A}.Debug|Any CPU.ActiveCfg = Debug|Any CPU
		{086D52E2-71BA-4E5D-8348-6A0A34FD7D5A}.Debug|Any CPU.Build.0 = Debug|Any CPU
		{086D52E2-71BA-4E5D-8348-6A0A34FD7D5A}.Release|Any CPU.ActiveCfg = Release|Any CPU
		{086D52E2-71BA-4E5D-8348-6A0A34FD7D5A}.Release|Any CPU.Build.0 = Release|Any CPU
		{8C90C0BF-7FC6-4E63-9AED-F587A9F88703}.Debug|Any CPU.ActiveCfg = Debug|Any CPU
		{8C90C0BF-7FC6-4E63-9AED-F587A9F88703}.Debug|Any CPU.Build.0 = Debug|Any CPU
		{8C90C0BF-7FC6-4E63-9AED-F587A9F88703}.Release|Any CPU.ActiveCfg = Release|Any CPU
		{8C90C0BF-7FC6-4E63-9AED-F587A9F88703}.Release|Any CPU.Build.0 = Release|Any CPU
		{95F312DD-15C5-4A9C-947F-B2753123F5FB}.Debug|Any CPU.ActiveCfg = Debug|Any CPU
		{95F312DD-15C5-4A9C-947F-B2753123F5FB}.Debug|Any CPU.Build.0 = Debug|Any CPU
		{95F312DD-15C5-4A9C-947F-B2753123F5FB}.Release|Any CPU.ActiveCfg = Release|Any CPU
		{95F312DD-15C5-4A9C-947F-B2753123F5FB}.Release|Any CPU.Build.0 = Release|Any CPU
		{2E8E2C9E-58D3-47E1-AEEC-85D3D0574C26}.Debug|Any CPU.ActiveCfg = Debug|Any CPU
		{2E8E2C9E-58D3-47E1-AEEC-85D3D0574C26}.Debug|Any CPU.Build.0 = Debug|Any CPU
		{2E8E2C9E-58D3-47E1-AEEC-85D3D0574C26}.Release|Any CPU.ActiveCfg = Release|Any CPU
		{2E8E2C9E-58D3-47E1-AEEC-85D3D0574C26}.Release|Any CPU.Build.0 = Release|Any CPU
		{C7542F25-B8D6-4CFF-89A7-17126F7983CE}.Debug|Any CPU.ActiveCfg = Debug|Any CPU
		{C7542F25-B8D6-4CFF-89A7-17126F7983CE}.Debug|Any CPU.Build.0 = Debug|Any CPU
		{C7542F25-B8D6-4CFF-89A7-17126F7983CE}.Release|Any CPU.ActiveCfg = Release|Any CPU
		{C7542F25-B8D6-4CFF-89A7-17126F7983CE}.Release|Any CPU.Build.0 = Release|Any CPU
		{268052AF-2F35-4A85-A28B-FA55D78BDAA0}.Debug|Any CPU.ActiveCfg = Debug|Any CPU
		{268052AF-2F35-4A85-A28B-FA55D78BDAA0}.Debug|Any CPU.Build.0 = Debug|Any CPU
		{268052AF-2F35-4A85-A28B-FA55D78BDAA0}.Release|Any CPU.ActiveCfg = Release|Any CPU
		{268052AF-2F35-4A85-A28B-FA55D78BDAA0}.Release|Any CPU.Build.0 = Release|Any CPU
		{CBF658C0-1732-4F2D-A207-95A833B29DEF}.Debug|Any CPU.ActiveCfg = Debug|Any CPU
		{CBF658C0-1732-4F2D-A207-95A833B29DEF}.Debug|Any CPU.Build.0 = Debug|Any CPU
		{CBF658C0-1732-4F2D-A207-95A833B29DEF}.Release|Any CPU.ActiveCfg = Release|Any CPU
		{CBF658C0-1732-4F2D-A207-95A833B29DEF}.Release|Any CPU.Build.0 = Release|Any CPU
		{C25AF806-E1A2-4952-9B1D-9EEBFC2494E6}.Debug|Any CPU.ActiveCfg = Debug|Any CPU
		{C25AF806-E1A2-4952-9B1D-9EEBFC2494E6}.Debug|Any CPU.Build.0 = Debug|Any CPU
		{C25AF806-E1A2-4952-9B1D-9EEBFC2494E6}.Release|Any CPU.ActiveCfg = Release|Any CPU
		{C25AF806-E1A2-4952-9B1D-9EEBFC2494E6}.Release|Any CPU.Build.0 = Release|Any CPU
		{238AFE8F-D1B7-4B73-97B9-24FC888D0F99}.Debug|Any CPU.ActiveCfg = Debug|Any CPU
		{238AFE8F-D1B7-4B73-97B9-24FC888D0F99}.Debug|Any CPU.Build.0 = Debug|Any CPU
		{238AFE8F-D1B7-4B73-97B9-24FC888D0F99}.Release|Any CPU.ActiveCfg = Release|Any CPU
		{238AFE8F-D1B7-4B73-97B9-24FC888D0F99}.Release|Any CPU.Build.0 = Release|Any CPU
	EndGlobalSection
EndGlobal
